
Microsoft Visual Studio Solution File, Format Version 12.00
# Visual Studio Version 17
VisualStudioVersion = 17.14.36717.8
MinimumVisualStudioVersion = 10.0.40219.1
Project("{8BC9CEB8-8B4A-11D0-8D11-00A0C91BC942}") = "tier0", "src\vs_projects\tier0\tier0.vcxproj", "{A31C1547-3784-42E0-8EC8-63CE4A536664}"
EndProject
Project("{8BC9CEB8-8B4A-11D0-8D11-00A0C91BC942}") = "tier1", "src\vs_projects\tier1\tier1.vcxproj", "{607DD900-0210-4BED-ADCE-C642053AA96D}"
EndProject
Project("{8BC9CEB8-8B4A-11D0-8D11-00A0C91BC942}") = "tier2", "src\vs_projects\tier2\tier2.vcxproj", "{8C682236-6EDF-42C7-94C7-845FB706D386}"
EndProject
Global
	GlobalSection(SolutionConfigurationPlatforms) = preSolution
		Debug|x64 = Debug|x64
		Debug|x86 = Debug|x86
		Release|x64 = Release|x64
		Release|x86 = Release|x86
	EndGlobalSection
	GlobalSection(ProjectConfigurationPlatforms) = postSolution
		{A31C1547-3784-42E0-8EC8-63CE4A536664}.Debug|x64.ActiveCfg = Debug|x64
		{A31C1547-3784-42E0-8EC8-63CE4A536664}.Debug|x64.Build.0 = Debug|x64
		{A31C1547-3784-42E0-8EC8-63CE4A536664}.Debug|x86.ActiveCfg = Debug|Win32
		{A31C1547-3784-42E0-8EC8-63CE4A536664}.Debug|x86.Build.0 = Debug|Win32
		{A31C1547-3784-42E0-8EC8-63CE4A536664}.Release|x64.ActiveCfg = Release|x64
		{A31C1547-3784-42E0-8EC8-63CE4A536664}.Release|x64.Build.0 = Release|x64
		{A31C1547-3784-42E0-8EC8-63CE4A536664}.Release|x86.ActiveCfg = Release|Win32
		{A31C1547-3784-42E0-8EC8-63CE4A536664}.Release|x86.Build.0 = Release|Win32
		{607DD900-0210-4BED-ADCE-C642053AA96D}.Debug|x64.ActiveCfg = Debug|x64
		{607DD900-0210-4BED-ADCE-C642053AA96D}.Debug|x64.Build.0 = Debug|x64
		{607DD900-0210-4BED-ADCE-C642053AA96D}.Debug|x86.ActiveCfg = Debug|Win32
		{607DD900-0210-4BED-ADCE-C642053AA96D}.Debug|x86.Build.0 = Debug|Win32
		{607DD900-0210-4BED-ADCE-C642053AA96D}.Release|x64.ActiveCfg = Release|x64
		{607DD900-0210-4BED-ADCE-C642053AA96D}.Release|x64.Build.0 = Release|x64
		{607DD900-0210-4BED-ADCE-C642053AA96D}.Release|x86.ActiveCfg = Release|Win32
		{607DD900-0210-4BED-ADCE-C642053AA96D}.Release|x86.Build.0 = Release|Win32
		{8C682236-6EDF-42C7-94C7-845FB706D386}.Debug|x64.ActiveCfg = Debug|x64
		{8C682236-6EDF-42C7-94C7-845FB706D386}.Debug|x64.Build.0 = Debug|x64
		{8C682236-6EDF-42C7-94C7-845FB706D386}.Debug|x86.ActiveCfg = Debug|Win32
		{8C682236-6EDF-42C7-94C7-845FB706D386}.Debug|x86.Build.0 = Debug|Win32
		{8C682236-6EDF-42C7-94C7-845FB706D386}.Release|x64.ActiveCfg = Release|x64
		{8C682236-6EDF-42C7-94C7-845FB706D386}.Release|x64.Build.0 = Release|x64
		{8C682236-6EDF-42C7-94C7-845FB706D386}.Release|x86.ActiveCfg = Release|Win32
		{8C682236-6EDF-42C7-94C7-845FB706D386}.Release|x86.Build.0 = Release|Win32
	EndGlobalSection
	GlobalSection(SolutionProperties) = preSolution
		HideSolutionNode = FALSE
	EndGlobalSection
	GlobalSection(ExtensibilityGlobals) = postSolution
		SolutionGuid = {5069B56B-841A-4B54-ACAE-90CA9D8B6170}
	EndGlobalSection
EndGlobal
